
Microsoft Visual Studio Solution File, Format Version 12.00
# Visual Studio Version 17
VisualStudioVersion = 17.8.34525.116
MinimumVisualStudioVersion = 10.0.40219.1
Project("{FAE04EC0-301F-11D3-BF4B-00C04F79EFBC}") = "MauiEqSegundoGrau", "MauiEqSegundoGrau\MauiEqSegundoGrau.csproj", "{A76BA2BB-0842-4665-96CF-AF54ABFFBB5E}"
EndProject
Global
	GlobalSection(SolutionConfigurationPlatforms) = preSolution
		Debug|Any CPU = Debug|Any CPU
		Release|Any CPU = Release|Any CPU
	EndGlobalSection
	GlobalSection(ProjectConfigurationPlatforms) = postSolution
		{A76BA2BB-0842-4665-96CF-AF54ABFFBB5E}.Debug|Any CPU.ActiveCfg = Debug|Any CPU
		{A76BA2BB-0842-4665-96CF-AF54ABFFBB5E}.Debug|Any CPU.Build.0 = Debug|Any CPU
		{A76BA2BB-0842-4665-96CF-AF54ABFFBB5E}.Debug|Any CPU.Deploy.0 = Debug|Any CPU
		{A76BA2BB-0842-4665-96CF-AF54ABFFBB5E}.Release|Any CPU.ActiveCfg = Release|Any CPU
		{A76BA2BB-0842-4665-96CF-AF54ABFFBB5E}.Release|Any CPU.Build.0 = Release|Any CPU
		{A76BA2BB-0842-4665-96CF-AF54ABFFBB5E}.Release|Any CPU.Deploy.0 = Release|Any CPU
	EndGlobalSection
	GlobalSection(SolutionProperties) = preSolution
		HideSolutionNode = FALSE
	EndGlobalSection
	GlobalSection(ExtensibilityGlobals) = postSolution
		SolutionGuid = {6C08A422-3F7A-46E2-81B5-BFB30BCFA4A2}
	EndGlobalSection
EndGlobal
